// !$*UTF8*$!
{
	archiveVersion = 1;
	classes = {
	};
	objectVersion = 46;
	objects = {

/* Begin PBXBuildFile section */
		752503221F5D947B00CDC85D /* RCTUmengShareManage.m in Sources */ = {isa = PBXBuildFile; fileRef = 7525030D1F5D947B00CDC85D /* RCTUmengShareManage.m */; };
		752503231F5D947B00CDC85D /* libSocialQQ.a in Frameworks */ = {isa = PBXBuildFile; fileRef = 752503111F5D947B00CDC85D /* libSocialQQ.a */; };
		752503241F5D947B00CDC85D /* libSocialSina.a in Frameworks */ = {isa = PBXBuildFile; fileRef = 752503141F5D947B00CDC85D /* libSocialSina.a */; };
		752503251F5D947B00CDC85D /* libSocialWeChat.a in Frameworks */ = {isa = PBXBuildFile; fileRef = 752503171F5D947B00CDC85D /* libSocialWeChat.a */; };
		752503261F5D947B00CDC85D /* UMSocialCore.framework in Frameworks */ = {isa = PBXBuildFile; fileRef = 7525031A1F5D947B00CDC85D /* UMSocialCore.framework */; };
		752503271F5D947B00CDC85D /* UMSocialNetwork.framework in Frameworks */ = {isa = PBXBuildFile; fileRef = 7525031B1F5D947B00CDC85D /* UMSocialNetwork.framework */; };
		752503281F5D947B00CDC85D /* libUMSocialLog.a in Frameworks */ = {isa = PBXBuildFile; fileRef = 7525031E1F5D947B00CDC85D /* libUMSocialLog.a */; };
		752503291F5D947B00CDC85D /* UShareUI.framework in Frameworks */ = {isa = PBXBuildFile; fileRef = 752503211F5D947B00CDC85D /* UShareUI.framework */; };
		752504921F5DB0FA00CDC85D /* CoreGraphics.framework in Frameworks */ = {isa = PBXBuildFile; fileRef = 752504911F5DB0FA00CDC85D /* CoreGraphics.framework */; };
		75F741EB1F5E38E300F2045D /* libsqlite3.dylib in Frameworks */ = {isa = PBXBuildFile; fileRef = 75F741EA1F5E38E300F2045D /* libsqlite3.dylib */; };
/* End PBXBuildFile section */

/* Begin PBXCopyFilesBuildPhase section */
		752503001F5D946700CDC85D /* CopyFiles */ = {
			isa = PBXCopyFilesBuildPhase;
			buildActionMask = 2147483647;
			dstPath = "include/$(PRODUCT_NAME)";
			dstSubfolderSpec = 16;
			files = (
			);
			runOnlyForDeploymentPostprocessing = 0;
		};
/* End PBXCopyFilesBuildPhase section */

/* Begin PBXFileReference section */
		752503021F5D946700CDC85D /* libRCTUmengShare.a */ = {isa = PBXFileReference; explicitFileType = archive.ar; includeInIndex = 0; path = libRCTUmengShare.a; sourceTree = BUILT_PRODUCTS_DIR; };
		7525030C1F5D947B00CDC85D /* RCTUmengShareManage.h */ = {isa = PBXFileReference; fileEncoding = 4; lastKnownFileType = sourcecode.c.h; name = RCTUmengShareManage.h; path = RCTUmengShare/RCTUmengShareManage.h; sourceTree = "<group>"; };
		7525030D1F5D947B00CDC85D /* RCTUmengShareManage.m */ = {isa = PBXFileReference; fileEncoding = 4; lastKnownFileType = sourcecode.c.objc; name = RCTUmengShareManage.m; path = RCTUmengShare/RCTUmengShareManage.m; sourceTree = "<group>"; };
		752503111F5D947B00CDC85D /* libSocialQQ.a */ = {isa = PBXFileReference; lastKnownFileType = archive.ar; path = libSocialQQ.a; sourceTree = "<group>"; };
		752503121F5D947B00CDC85D /* UMSocialQQHandler.h */ = {isa = PBXFileReference; fileEncoding = 4; lastKnownFileType = sourcecode.c.h; path = UMSocialQQHandler.h; sourceTree = "<group>"; };
		752503141F5D947B00CDC85D /* libSocialSina.a */ = {isa = PBXFileReference; lastKnownFileType = archive.ar; path = libSocialSina.a; sourceTree = "<group>"; };
		752503151F5D947B00CDC85D /* UMSocialSinaHandler.h */ = {isa = PBXFileReference; fileEncoding = 4; lastKnownFileType = sourcecode.c.h; path = UMSocialSinaHandler.h; sourceTree = "<group>"; };
		752503171F5D947B00CDC85D /* libSocialWeChat.a */ = {isa = PBXFileReference; lastKnownFileType = archive.ar; path = libSocialWeChat.a; sourceTree = "<group>"; };
		752503181F5D947B00CDC85D /* UMSocialWechatHandler.h */ = {isa = PBXFileReference; fileEncoding = 4; lastKnownFileType = sourcecode.c.h; path = UMSocialWechatHandler.h; sourceTree = "<group>"; };
		7525031A1F5D947B00CDC85D /* UMSocialCore.framework */ = {isa = PBXFileReference; lastKnownFileType = wrapper.framework; path = UMSocialCore.framework; sourceTree = "<group>"; };
		7525031B1F5D947B00CDC85D /* UMSocialNetwork.framework */ = {isa = PBXFileReference; lastKnownFileType = wrapper.framework; path = UMSocialNetwork.framework; sourceTree = "<group>"; };
		7525031C1F5D947B00CDC85D /* UMSocialSDKPromptResources.bundle */ = {isa = PBXFileReference; lastKnownFileType = "wrapper.plug-in"; path = UMSocialSDKPromptResources.bundle; sourceTree = "<group>"; };
		7525031E1F5D947B00CDC85D /* libUMSocialLog.a */ = {isa = PBXFileReference; lastKnownFileType = archive.ar; path = libUMSocialLog.a; sourceTree = "<group>"; };
		752503201F5D947B00CDC85D /* UMSocialSDKResources.bundle */ = {isa = PBXFileReference; lastKnownFileType = "wrapper.plug-in"; path = UMSocialSDKResources.bundle; sourceTree = "<group>"; };
		752503211F5D947B00CDC85D /* UShareUI.framework */ = {isa = PBXFileReference; lastKnownFileType = wrapper.framework; path = UShareUI.framework; sourceTree = "<group>"; };
		752504911F5DB0FA00CDC85D /* CoreGraphics.framework */ = {isa = PBXFileReference; lastKnownFileType = wrapper.framework; name = CoreGraphics.framework; path = Platforms/iPhoneOS.platform/Developer/SDKs/iPhoneOS10.3.sdk/System/Library/Frameworks/CoreGraphics.framework; sourceTree = DEVELOPER_DIR; };
		75F741EA1F5E38E300F2045D /* libsqlite3.dylib */ = {isa = PBXFileReference; lastKnownFileType = "compiled.mach-o.dylib"; path = libsqlite3.dylib; sourceTree = "<group>"; };
/* End PBXFileReference section */

/* Begin PBXFrameworksBuildPhase section */
		752502FF1F5D946700CDC85D /* Frameworks */ = {
			isa = PBXFrameworksBuildPhase;
			buildActionMask = 2147483647;
			files = (
				752504921F5DB0FA00CDC85D /* CoreGraphics.framework in Frameworks */,
				752503261F5D947B00CDC85D /* UMSocialCore.framework in Frameworks */,
				752503231F5D947B00CDC85D /* libSocialQQ.a in Frameworks */,
				752503271F5D947B00CDC85D /* UMSocialNetwork.framework in Frameworks */,
				75F741EB1F5E38E300F2045D /* libsqlite3.dylib in Frameworks */,
				752503291F5D947B00CDC85D /* UShareUI.framework in Frameworks */,
				752503281F5D947B00CDC85D /* libUMSocialLog.a in Frameworks */,
				752503251F5D947B00CDC85D /* libSocialWeChat.a in Frameworks */,
				752503241F5D947B00CDC85D /* libSocialSina.a in Frameworks */,
			);
			runOnlyForDeploymentPostprocessing = 0;
		};
/* End PBXFrameworksBuildPhase section */

/* Begin PBXGroup section */
		752502F71F5D941F00CDC85D = {
			isa = PBXGroup;
			children = (
				7525030E1F5D947B00CDC85D /* UMSocial */,
				7525030C1F5D947B00CDC85D /* RCTUmengShareManage.h */,
				7525030D1F5D947B00CDC85D /* RCTUmengShareManage.m */,
				752503031F5D946700CDC85D /* Products */,
				752504901F5DB0FA00CDC85D /* Frameworks */,
			);
			sourceTree = "<group>";
		};
		752503031F5D946700CDC85D /* Products */ = {
			isa = PBXGroup;
			children = (
				752503021F5D946700CDC85D /* libRCTUmengShare.a */,
			);
			name = Products;
			sourceTree = "<group>";
		};
		7525030E1F5D947B00CDC85D /* UMSocial */ = {
			isa = PBXGroup;
			children = (
				7525030F1F5D947B00CDC85D /* SocialLibraries */,
				752503191F5D947B00CDC85D /* UMSocialSDK */,
				7525031D1F5D947B00CDC85D /* UMSocialSDKPlugin */,
				7525031F1F5D947B00CDC85D /* UMSocialUI */,
			);
			name = UMSocial;
			path = RCTUmengShare/UMSocial;
			sourceTree = "<group>";
		};
		7525030F1F5D947B00CDC85D /* SocialLibraries */ = {
			isa = PBXGroup;
			children = (
				752503101F5D947B00CDC85D /* QQ */,
				752503131F5D947B00CDC85D /* Sina */,
				752503161F5D947B00CDC85D /* WeChat */,
			);
			path = SocialLibraries;
			sourceTree = "<group>";
		};
		752503101F5D947B00CDC85D /* QQ */ = {
			isa = PBXGroup;
			children = (
				752503111F5D947B00CDC85D /* libSocialQQ.a */,
				752503121F5D947B00CDC85D /* UMSocialQQHandler.h */,
			);
			path = QQ;
			sourceTree = "<group>";
		};
		752503131F5D947B00CDC85D /* Sina */ = {
			isa = PBXGroup;
			children = (
				752503141F5D947B00CDC85D /* libSocialSina.a */,
				752503151F5D947B00CDC85D /* UMSocialSinaHandler.h */,
			);
			path = Sina;
			sourceTree = "<group>";
		};
		752503161F5D947B00CDC85D /* WeChat */ = {
			isa = PBXGroup;
			children = (
				752503171F5D947B00CDC85D /* libSocialWeChat.a */,
				752503181F5D947B00CDC85D /* UMSocialWechatHandler.h */,
			);
			path = WeChat;
			sourceTree = "<group>";
		};
		752503191F5D947B00CDC85D /* UMSocialSDK */ = {
			isa = PBXGroup;
			children = (
				7525031A1F5D947B00CDC85D /* UMSocialCore.framework */,
				7525031B1F5D947B00CDC85D /* UMSocialNetwork.framework */,
				7525031C1F5D947B00CDC85D /* UMSocialSDKPromptResources.bundle */,
			);
			path = UMSocialSDK;
			sourceTree = "<group>";
		};
		7525031D1F5D947B00CDC85D /* UMSocialSDKPlugin */ = {
			isa = PBXGroup;
			children = (
				7525031E1F5D947B00CDC85D /* libUMSocialLog.a */,
			);
			path = UMSocialSDKPlugin;
			sourceTree = "<group>";
		};
		7525031F1F5D947B00CDC85D /* UMSocialUI */ = {
			isa = PBXGroup;
			children = (
				752503201F5D947B00CDC85D /* UMSocialSDKResources.bundle */,
				752503211F5D947B00CDC85D /* UShareUI.framework */,
			);
			path = UMSocialUI;
			sourceTree = "<group>";
		};
		752504901F5DB0FA00CDC85D /* Frameworks */ = {
			isa = PBXGroup;
			children = (
				75F741EA1F5E38E300F2045D /* libsqlite3.dylib */,
				752504911F5DB0FA00CDC85D /* CoreGraphics.framework */,
			);
			name = Frameworks;
			sourceTree = "<group>";
		};
/* End PBXGroup section */

/* Begin PBXNativeTarget section */
		752503011F5D946700CDC85D /* RCTUmengShare */ = {
			isa = PBXNativeTarget;
			buildConfigurationList = 7525030B1F5D946700CDC85D /* Build configuration list for PBXNativeTarget "RCTUmengShare" */;
			buildPhases = (
				752502FE1F5D946700CDC85D /* Sources */,
				752502FF1F5D946700CDC85D /* Frameworks */,
				752503001F5D946700CDC85D /* CopyFiles */,
			);
			buildRules = (
			);
			dependencies = (
			);
			name = RCTUmengShare;
			productName = RCTUmengShare;
			productReference = 752503021F5D946700CDC85D /* libRCTUmengShare.a */;
			productType = "com.apple.product-type.library.static";
		};
/* End PBXNativeTarget section */

/* Begin PBXProject section */
		752502F81F5D941F00CDC85D /* Project object */ = {
			isa = PBXProject;
			attributes = {
				LastUpgradeCheck = 0830;
				TargetAttributes = {
					752503011F5D946700CDC85D = {
						CreatedOnToolsVersion = 8.3.3;
						DevelopmentTeam = 32YQY7G2JP;
						ProvisioningStyle = Automatic;
					};
				};
			};
			buildConfigurationList = 752502FB1F5D941F00CDC85D /* Build configuration list for PBXProject "RCTUmengShare" */;
			compatibilityVersion = "Xcode 3.2";
			developmentRegion = English;
			hasScannedForEncodings = 0;
			knownRegions = (
				en,
			);
			mainGroup = 752502F71F5D941F00CDC85D;
			productRefGroup = 752503031F5D946700CDC85D /* Products */;
			projectDirPath = "";
			projectRoot = "";
			targets = (
				752503011F5D946700CDC85D /* RCTUmengShare */,
			);
		};
/* End PBXProject section */

/* Begin PBXSourcesBuildPhase section */
		752502FE1F5D946700CDC85D /* Sources */ = {
			isa = PBXSourcesBuildPhase;
			buildActionMask = 2147483647;
			files = (
				752503221F5D947B00CDC85D /* RCTUmengShareManage.m in Sources */,
			);
			runOnlyForDeploymentPostprocessing = 0;
		};
/* End PBXSourcesBuildPhase section */

/* Begin XCBuildConfiguration section */
		752502FC1F5D941F00CDC85D /* Debug */ = {
			isa = XCBuildConfiguration;
			buildSettings = {
				IPHONEOS_DEPLOYMENT_TARGET = 8.0;
			};
			name = Debug;
		};
		752502FD1F5D941F00CDC85D /* Release */ = {
			isa = XCBuildConfiguration;
			buildSettings = {
				IPHONEOS_DEPLOYMENT_TARGET = 8.0;
			};
			name = Release;
		};
		752503091F5D946700CDC85D /* Debug */ = {
			isa = XCBuildConfiguration;
			buildSettings = {
				ALWAYS_SEARCH_USER_PATHS = NO;
				CLANG_ANALYZER_NONNULL = YES;
				CLANG_ANALYZER_NUMBER_OBJECT_CONVERSION = YES_AGGRESSIVE;
				CLANG_CXX_LANGUAGE_STANDARD = "gnu++0x";
				CLANG_CXX_LIBRARY = "libc++";
				CLANG_ENABLE_MODULES = YES;
				CLANG_ENABLE_OBJC_ARC = YES;
				CLANG_WARN_BOOL_CONVERSION = YES;
				CLANG_WARN_CONSTANT_CONVERSION = YES;
				CLANG_WARN_DIRECT_OBJC_ISA_USAGE = YES_ERROR;
				CLANG_WARN_DOCUMENTATION_COMMENTS = YES;
				CLANG_WARN_EMPTY_BODY = YES;
				CLANG_WARN_ENUM_CONVERSION = YES;
				CLANG_WARN_INFINITE_RECURSION = YES;
				CLANG_WARN_INT_CONVERSION = YES;
				CLANG_WARN_OBJC_ROOT_CLASS = YES_ERROR;
				CLANG_WARN_SUSPICIOUS_MOVE = YES;
				CLANG_WARN_UNREACHABLE_CODE = YES;
				CLANG_WARN__DUPLICATE_METHOD_MATCH = YES;
				"CODE_SIGN_IDENTITY[sdk=iphoneos*]" = "iPhone Developer";
				COPY_PHASE_STRIP = NO;
				DEBUG_INFORMATION_FORMAT = dwarf;
				DEVELOPMENT_TEAM = 32YQY7G2JP;
				ENABLE_STRICT_OBJC_MSGSEND = YES;
				ENABLE_TESTABILITY = YES;
				FRAMEWORK_SEARCH_PATHS = (
					"$(inherited)",
					"$(PROJECT_DIR)/RCTUmengShare/UMSocial/UMSocialSDK",
					"$(PROJECT_DIR)/RCTUmengShare/UMSocial/UMSocialUI",
				);
				GCC_C_LANGUAGE_STANDARD = gnu99;
				GCC_DYNAMIC_NO_PIC = NO;
				GCC_NO_COMMON_BLOCKS = YES;
				GCC_OPTIMIZATION_LEVEL = 0;
				GCC_PREPROCESSOR_DEFINITIONS = (
					"DEBUG=1",
					"$(inherited)",
				);
				GCC_WARN_64_TO_32_BIT_CONVERSION = YES;
				GCC_WARN_ABOUT_RETURN_TYPE = YES_ERROR;
				GCC_WARN_UNDECLARED_SELECTOR = YES;
				GCC_WARN_UNINITIALIZED_AUTOS = YES_AGGRESSIVE;
				GCC_WARN_UNUSED_FUNCTION = YES;
				GCC_WARN_UNUSED_VARIABLE = YES;
				IPHONEOS_DEPLOYMENT_TARGET = 10.3;
				LIBRARY_SEARCH_PATHS = (
					"$(inherited)",
					"$(PROJECT_DIR)/RCTUmengShare/UMSocial/SocialLibraries/QQ",
					"$(PROJECT_DIR)/RCTUmengShare/UMSocial/SocialLibraries/Sina",
					"$(PROJECT_DIR)/RCTUmengShare/UMSocial/SocialLibraries/WeChat",
					"$(PROJECT_DIR)/RCTUmengShare/UMSocial/UMSocialSDKPlugin",
					"$(PROJECT_DIR)",
				);
				MTL_ENABLE_DEBUG_INFO = YES;
				ONLY_ACTIVE_ARCH = YES;
				OTHER_LDFLAGS = "-ObjC";
				PRODUCT_NAME = "$(TARGET_NAME)";
				SDKROOT = iphoneos;
				SKIP_INSTALL = YES;
			};
			name = Debug;
		};
		7525030A1F5D946700CDC85D /* Release */ = {
			isa = XCBuildConfiguration;
			buildSettings = {
				ALWAYS_SEARCH_USER_PATHS = NO;
				CLANG_ANALYZER_NONNULL = YES;
				CLANG_ANALYZER_NUMBER_OBJECT_CONVERSION = YES_AGGRESSIVE;
				CLANG_CXX_LANGUAGE_STANDARD = "gnu++0x";
				CLANG_CXX_LIBRARY = "libc++";
				CLANG_ENABLE_MODULES = YES;
				CLANG_ENABLE_OBJC_ARC = YES;
				CLANG_WARN_BOOL_CONVERSION = YES;
				CLANG_WARN_CONSTANT_CONVERSION = YES;
				CLANG_WARN_DIRECT_OBJC_ISA_USAGE = YES_ERROR;
				CLANG_WARN_DOCUMENTATION_COMMENTS = YES;
				CLANG_WARN_EMPTY_BODY = YES;
				CLANG_WARN_ENUM_CONVERSION = YES;
				CLANG_WARN_INFINITE_RECURSION = YES;
				CLANG_WARN_INT_CONVERSION = YES;
				CLANG_WARN_OBJC_ROOT_CLASS = YES_ERROR;
				CLANG_WARN_SUSPICIOUS_MOVE = YES;
				CLANG_WARN_UNREACHABLE_CODE = YES;
				CLANG_WARN__DUPLICATE_METHOD_MATCH = YES;
				"CODE_SIGN_IDENTITY[sdk=iphoneos*]" = "iPhone Developer";
				COPY_PHASE_STRIP = NO;
				DEBUG_INFORMATION_FORMAT = "dwarf-with-dsym";
				DEVELOPMENT_TEAM = 32YQY7G2JP;
				ENABLE_NS_ASSERTIONS = NO;
				ENABLE_STRICT_OBJC_MSGSEND = YES;
				FRAMEWORK_SEARCH_PATHS = (
					"$(inherited)",
					"$(PROJECT_DIR)/RCTUmengShare/UMSocial/UMSocialSDK",
					"$(PROJECT_DIR)/RCTUmengShare/UMSocial/UMSocialUI",
				);
				GCC_C_LANGUAGE_STANDARD = gnu99;
				GCC_NO_COMMON_BLOCKS = YES;
				GCC_WARN_64_TO_32_BIT_CONVERSION = YES;
				GCC_WARN_ABOUT_RETURN_TYPE = YES_ERROR;
				GCC_WARN_UNDECLARED_SELECTOR = YES;
				GCC_WARN_UNINITIALIZED_AUTOS = YES_AGGRESSIVE;
				GCC_WARN_UNUSED_FUNCTION = YES;
				GCC_WARN_UNUSED_VARIABLE = YES;
				IPHONEOS_DEPLOYMENT_TARGET = 10.3;
				LIBRARY_SEARCH_PATHS = (
					"$(inherited)",
					"$(PROJECT_DIR)/RCTUmengShare/UMSocial/SocialLibraries/QQ",
					"$(PROJECT_DIR)/RCTUmengShare/UMSocial/SocialLibraries/Sina",
					"$(PROJECT_DIR)/RCTUmengShare/UMSocial/SocialLibraries/WeChat",
					"$(PROJECT_DIR)/RCTUmengShare/UMSocial/UMSocialSDKPlugin",
					"$(PROJECT_DIR)",
				);
				MTL_ENABLE_DEBUG_INFO = NO;
				OTHER_LDFLAGS = "-ObjC";
				PRODUCT_NAME = "$(TARGET_NAME)";
				SDKROOT = iphoneos;
				SKIP_INSTALL = YES;
				VALIDATE_PRODUCT = YES;
			};
			name = Release;
		};
/* End XCBuildConfiguration section */

/* Begin XCConfigurationList section */
		752502FB1F5D941F00CDC85D /* Build configuration list for PBXProject "RCTUmengShare" */ = {
			isa = XCConfigurationList;
			buildConfigurations = (
				752502FC1F5D941F00CDC85D /* Debug */,
				752502FD1F5D941F00CDC85D /* Release */,
			);
			defaultConfigurationIsVisible = 0;
			defaultConfigurationName = Release;
		};
		7525030B1F5D946700CDC85D /* Build configuration list for PBXNativeTarget "RCTUmengShare" */ = {
			isa = XCConfigurationList;
			buildConfigurations = (
				752503091F5D946700CDC85D /* Debug */,
				7525030A1F5D946700CDC85D /* Release */,
			);
			defaultConfigurationIsVisible = 0;
			defaultConfigurationName = Release;
		};
/* End XCConfigurationList section */
	};
	rootObject = 752502F81F5D941F00CDC85D /* Project object */;
}
